// !$*UTF8*$!
{
	archiveVersion = 1;
	classes = {
	};
	objectVersion = 50;
	objects = {

/* Begin PBXBuildFile section */
		3E172FE424388C3800D28290 /* wall.jpg in Resources */ = {isa = PBXBuildFile; fileRef = 3E172FE324388C3800D28290 /* wall.jpg */; };
		3E17301224388D9300D28290 /* IOKit.framework in Frameworks */ = {isa = PBXBuildFile; fileRef = 3E17301124388D9300D28290 /* IOKit.framework */; };
		3E17301424388D9E00D28290 /* CoreVideo.framework in Frameworks */ = {isa = PBXBuildFile; fileRef = 3E17301324388D9E00D28290 /* CoreVideo.framework */; };
		3E17301624388DAA00D28290 /* Cocoa.framework in Frameworks */ = {isa = PBXBuildFile; fileRef = 3E17301524388DAA00D28290 /* Cocoa.framework */; };
		3E17301E24388E4200D28290 /* libGLEW.a in Frameworks */ = {isa = PBXBuildFile; fileRef = 3E17301D24388E4200D28290 /* libGLEW.a */; };
		3E173048243893C900D28290 /* libSOIL.a in Frameworks */ = {isa = PBXBuildFile; fileRef = 3E173039243893C900D28290 /* libSOIL.a */; };
		3E173049243893C900D28290 /* image_helper.c in Sources */ = {isa = PBXBuildFile; fileRef = 3E17303B243893C900D28290 /* image_helper.c */; };
		3E17304A243893C900D28290 /* image_DXT.c in Sources */ = {isa = PBXBuildFile; fileRef = 3E17303F243893C900D28290 /* image_DXT.c */; };
		3E17304D243893C900D28290 /* SOIL.c in Sources */ = {isa = PBXBuildFile; fileRef = 3E173044243893C900D28290 /* SOIL.c */; };
		3E17304E243893C900D28290 /* stb_image_aug.c in Sources */ = {isa = PBXBuildFile; fileRef = 3E173045243893C900D28290 /* stb_image_aug.c */; };
		3E326201243A426F00AF1842 /* awesomeface.jpg in Resources */ = {isa = PBXBuildFile; fileRef = 3E326200243A426F00AF1842 /* awesomeface.jpg */; };
		3E4FA82B243B37D200CBF636 /* shader.vs in Resources */ = {isa = PBXBuildFile; fileRef = 3E4FA828243B37D200CBF636 /* shader.vs */; };
		3E4FA82C243B37D200CBF636 /* Shader.cpp in Sources */ = {isa = PBXBuildFile; fileRef = 3E4FA829243B37D200CBF636 /* Shader.cpp */; };
		3E4FA82D243B37D200CBF636 /* shader.frag in Resources */ = {isa = PBXBuildFile; fileRef = 3E4FA82A243B37D200CBF636 /* shader.frag */; };
		815742A5243575CA00D8F876 /* Assets.xcassets in Resources */ = {isa = PBXBuildFile; fileRef = 815742A4243575CA00D8F876 /* Assets.xcassets */; };
		815742A8243575CA00D8F876 /* Main.storyboard in Resources */ = {isa = PBXBuildFile; fileRef = 815742A6243575CA00D8F876 /* Main.storyboard */; };
		815742B42435762200D8F876 /* OpenGL.framework in Frameworks */ = {isa = PBXBuildFile; fileRef = 815742B32435762200D8F876 /* OpenGL.framework */; };
		815742B62435763000D8F876 /* main.cpp in Sources */ = {isa = PBXBuildFile; fileRef = 815742B52435763000D8F876 /* main.cpp */; };
		815742D524357A6C00D8F876 /* libglfw.3.dylib in Frameworks */ = {isa = PBXBuildFile; fileRef = 815742D424357A6C00D8F876 /* libglfw.3.dylib */; };
		815742D7243592EE00D8F876 /* GLUT.framework in Frameworks */ = {isa = PBXBuildFile; fileRef = 815742D6243592EE00D8F876 /* GLUT.framework */; };
/* End PBXBuildFile section */

/* Begin PBXFileReference section */
		3E172FE324388C3800D28290 /* wall.jpg */ = {isa = PBXFileReference; lastKnownFileType = image.jpeg; path = wall.jpg; sourceTree = "<group>"; };
		3E17301124388D9300D28290 /* IOKit.framework */ = {isa = PBXFileReference; lastKnownFileType = wrapper.framework; name = IOKit.framework; path = System/Library/Frameworks/IOKit.framework; sourceTree = SDKROOT; };
		3E17301324388D9E00D28290 /* CoreVideo.framework */ = {isa = PBXFileReference; lastKnownFileType = wrapper.framework; name = CoreVideo.framework; path = System/Library/Frameworks/CoreVideo.framework; sourceTree = SDKROOT; };
		3E17301524388DAA00D28290 /* Cocoa.framework */ = {isa = PBXFileReference; lastKnownFileType = wrapper.framework; name = Cocoa.framework; path = System/Library/Frameworks/Cocoa.framework; sourceTree = SDKROOT; };
		3E17301A24388E4200D28290 /* glxew.h */ = {isa = PBXFileReference; fileEncoding = 4; lastKnownFileType = sourcecode.c.h; path = glxew.h; sourceTree = "<group>"; };
		3E17301B24388E4200D28290 /* wglew.h */ = {isa = PBXFileReference; fileEncoding = 4; lastKnownFileType = sourcecode.c.h; path = wglew.h; sourceTree = "<group>"; };
		3E17301C24388E4200D28290 /* glew.h */ = {isa = PBXFileReference; fileEncoding = 4; lastKnownFileType = sourcecode.c.h; path = glew.h; sourceTree = "<group>"; };
		3E17301D24388E4200D28290 /* libGLEW.a */ = {isa = PBXFileReference; lastKnownFileType = archive.ar; path = libGLEW.a; sourceTree = "<group>"; };
		3E173039243893C900D28290 /* libSOIL.a */ = {isa = PBXFileReference; lastKnownFileType = archive.ar; path = libSOIL.a; sourceTree = "<group>"; };
		3E17303B243893C900D28290 /* image_helper.c */ = {isa = PBXFileReference; fileEncoding = 4; lastKnownFileType = sourcecode.c.c; path = image_helper.c; sourceTree = "<group>"; };
		3E17303C243893C900D28290 /* stb_image_aug.h */ = {isa = PBXFileReference; fileEncoding = 4; lastKnownFileType = sourcecode.c.h; path = stb_image_aug.h; sourceTree = "<group>"; };
		3E17303D243893C900D28290 /* SOIL.h */ = {isa = PBXFileReference; fileEncoding = 4; lastKnownFileType = sourcecode.c.h; path = SOIL.h; sourceTree = "<group>"; };
		3E17303E243893C900D28290 /* stbi_DDS_aug.h */ = {isa = PBXFileReference; fileEncoding = 4; lastKnownFileType = sourcecode.c.h; path = stbi_DDS_aug.h; sourceTree = "<group>"; };
		3E17303F243893C900D28290 /* image_DXT.c */ = {isa = PBXFileReference; fileEncoding = 4; lastKnownFileType = sourcecode.c.c; path = image_DXT.c; sourceTree = "<group>"; };
		3E173043243893C900D28290 /* stbi_DDS_aug_c.h */ = {isa = PBXFileReference; fileEncoding = 4; lastKnownFileType = sourcecode.c.h; path = stbi_DDS_aug_c.h; sourceTree = "<group>"; };
		3E173044243893C900D28290 /* SOIL.c */ = {isa = PBXFileReference; fileEncoding = 4; lastKnownFileType = sourcecode.c.c; path = SOIL.c; sourceTree = "<group>"; };
		3E173045243893C900D28290 /* stb_image_aug.c */ = {isa = PBXFileReference; fileEncoding = 4; lastKnownFileType = sourcecode.c.c; path = stb_image_aug.c; sourceTree = "<group>"; };
		3E173046243893C900D28290 /* image_helper.h */ = {isa = PBXFileReference; fileEncoding = 4; lastKnownFileType = sourcecode.c.h; path = image_helper.h; sourceTree = "<group>"; };
		3E173047243893C900D28290 /* image_DXT.h */ = {isa = PBXFileReference; fileEncoding = 4; lastKnownFileType = sourcecode.c.h; path = image_DXT.h; sourceTree = "<group>"; };
		3E326200243A426F00AF1842 /* awesomeface.jpg */ = {isa = PBXFileReference; lastKnownFileType = image.jpeg; path = awesomeface.jpg; sourceTree = "<group>"; };
		3E4FA828243B37D200CBF636 /* shader.vs */ = {isa = PBXFileReference; fileEncoding = 4; lastKnownFileType = sourcecode.glsl; path = shader.vs; sourceTree = "<group>"; };
		3E4FA829243B37D200CBF636 /* Shader.cpp */ = {isa = PBXFileReference; fileEncoding = 4; lastKnownFileType = sourcecode.cpp.cpp; path = Shader.cpp; sourceTree = "<group>"; };
		3E4FA82A243B37D200CBF636 /* shader.frag */ = {isa = PBXFileReference; fileEncoding = 4; lastKnownFileType = sourcecode.glsl; path = shader.frag; sourceTree = "<group>"; };
		8157429B243575C800D8F876 /* OpenGLGLFW.app */ = {isa = PBXFileReference; explicitFileType = wrapper.application; includeInIndex = 0; path = OpenGLGLFW.app; sourceTree = BUILT_PRODUCTS_DIR; };
		815742A4243575CA00D8F876 /* Assets.xcassets */ = {isa = PBXFileReference; lastKnownFileType = folder.assetcatalog; path = Assets.xcassets; sourceTree = "<group>"; };
		815742A7243575CA00D8F876 /* Base */ = {isa = PBXFileReference; lastKnownFileType = file.storyboard; name = Base; path = Base.lproj/Main.storyboard; sourceTree = "<group>"; };
		815742A9243575CA00D8F876 /* Info.plist */ = {isa = PBXFileReference; lastKnownFileType = text.plist.xml; path = Info.plist; sourceTree = "<group>"; };
		815742AC243575CA00D8F876 /* OpenGLGLFW.entitlements */ = {isa = PBXFileReference; lastKnownFileType = text.plist.entitlements; path = OpenGLGLFW.entitlements; sourceTree = "<group>"; };
		815742B32435762200D8F876 /* OpenGL.framework */ = {isa = PBXFileReference; lastKnownFileType = wrapper.framework; name = OpenGL.framework; path = System/Library/Frameworks/OpenGL.framework; sourceTree = SDKROOT; };
		815742B52435763000D8F876 /* main.cpp */ = {isa = PBXFileReference; lastKnownFileType = sourcecode.cpp.cpp; path = main.cpp; sourceTree = "<group>"; };
		815742BA243576BF00D8F876 /* glfw3.h */ = {isa = PBXFileReference; fileEncoding = 4; lastKnownFileType = sourcecode.c.h; path = glfw3.h; sourceTree = "<group>"; };
		815742BB243576BF00D8F876 /* glfw3native.h */ = {isa = PBXFileReference; fileEncoding = 4; lastKnownFileType = sourcecode.c.h; path = glfw3native.h; sourceTree = "<group>"; };
		815742D424357A6C00D8F876 /* libglfw.3.dylib */ = {isa = PBXFileReference; lastKnownFileType = "compiled.mach-o.dylib"; path = libglfw.3.dylib; sourceTree = "<group>"; };
		815742D6243592EE00D8F876 /* GLUT.framework */ = {isa = PBXFileReference; lastKnownFileType = wrapper.framework; name = GLUT.framework; path = System/Library/Frameworks/GLUT.framework; sourceTree = SDKROOT; };
/* End PBXFileReference section */

/* Begin PBXFrameworksBuildPhase section */
		81574298243575C800D8F876 /* Frameworks */ = {
			isa = PBXFrameworksBuildPhase;
			buildActionMask = 2147483647;
			files = (
				3E17301624388DAA00D28290 /* Cocoa.framework in Frameworks */,
				3E17301424388D9E00D28290 /* CoreVideo.framework in Frameworks */,
				3E17301E24388E4200D28290 /* libGLEW.a in Frameworks */,
				3E17301224388D9300D28290 /* IOKit.framework in Frameworks */,
				815742D7243592EE00D8F876 /* GLUT.framework in Frameworks */,
				815742B42435762200D8F876 /* OpenGL.framework in Frameworks */,
				3E173048243893C900D28290 /* libSOIL.a in Frameworks */,
				815742D524357A6C00D8F876 /* libglfw.3.dylib in Frameworks */,
			);
			runOnlyForDeploymentPostprocessing = 0;
		};
/* End PBXFrameworksBuildPhase section */

/* Begin PBXGroup section */
		3E172FE224388C3800D28290 /* Resources */ = {
			isa = PBXGroup;
			children = (
				3E172FE324388C3800D28290 /* wall.jpg */,
				3E326200243A426F00AF1842 /* awesomeface.jpg */,
			);
			path = Resources;
			sourceTree = "<group>";
		};
		3E17301724388E4200D28290 /* GLEW */ = {
			isa = PBXGroup;
			children = (
				3E17301824388E4200D28290 /* include */,
				3E17301D24388E4200D28290 /* libGLEW.a */,
			);
			path = GLEW;
			sourceTree = "<group>";
		};
		3E17301824388E4200D28290 /* include */ = {
			isa = PBXGroup;
			children = (
				3E17301924388E4200D28290 /* GL */,
			);
			path = include;
			sourceTree = "<group>";
		};
		3E17301924388E4200D28290 /* GL */ = {
			isa = PBXGroup;
			children = (
				3E17301A24388E4200D28290 /* glxew.h */,
				3E17301B24388E4200D28290 /* wglew.h */,
				3E17301C24388E4200D28290 /* glew.h */,
			);
			path = GL;
			sourceTree = "<group>";
		};
		3E173038243893C900D28290 /* SOIL */ = {
			isa = PBXGroup;
			children = (
				3E173039243893C900D28290 /* libSOIL.a */,
				3E17303A243893C900D28290 /* src */,
			);
			path = SOIL;
			sourceTree = "<group>";
		};
		3E17303A243893C900D28290 /* src */ = {
			isa = PBXGroup;
			children = (
				3E17303F243893C900D28290 /* image_DXT.c */,
				3E173047243893C900D28290 /* image_DXT.h */,
				3E17303B243893C900D28290 /* image_helper.c */,
				3E173046243893C900D28290 /* image_helper.h */,
				3E173044243893C900D28290 /* SOIL.c */,
				3E17303D243893C900D28290 /* SOIL.h */,
				3E173045243893C900D28290 /* stb_image_aug.c */,
				3E17303C243893C900D28290 /* stb_image_aug.h */,
				3E173043243893C900D28290 /* stbi_DDS_aug_c.h */,
				3E17303E243893C900D28290 /* stbi_DDS_aug.h */,
			);
			path = src;
			sourceTree = "<group>";
		};
		3E4FA827243B37D200CBF636 /* Shader */ = {
			isa = PBXGroup;
			children = (
				3E4FA828243B37D200CBF636 /* shader.vs */,
				3E4FA829243B37D200CBF636 /* Shader.cpp */,
				3E4FA82A243B37D200CBF636 /* shader.frag */,
			);
			path = Shader;
			sourceTree = "<group>";
		};
		81574292243575C800D8F876 = {
			isa = PBXGroup;
			children = (
				8157429D243575C800D8F876 /* OpenGLGLFW */,
				8157429C243575C800D8F876 /* Products */,
				815742B22435762200D8F876 /* Frameworks */,
			);
			sourceTree = "<group>";
		};
		8157429C243575C800D8F876 /* Products */ = {
			isa = PBXGroup;
			children = (
				8157429B243575C800D8F876 /* OpenGLGLFW.app */,
			);
			name = Products;
			sourceTree = "<group>";
		};
		8157429D243575C800D8F876 /* OpenGLGLFW */ = {
			isa = PBXGroup;
			children = (
				3E4FA827243B37D200CBF636 /* Shader */,
				3E173038243893C900D28290 /* SOIL */,
				3E17301724388E4200D28290 /* GLEW */,
				3E172FE224388C3800D28290 /* Resources */,
				815742B7243576BF00D8F876 /* GLFW */,
				815742A4243575CA00D8F876 /* Assets.xcassets */,
				815742A6243575CA00D8F876 /* Main.storyboard */,
				815742A9243575CA00D8F876 /* Info.plist */,
				815742AC243575CA00D8F876 /* OpenGLGLFW.entitlements */,
				815742B52435763000D8F876 /* main.cpp */,
			);
			path = OpenGLGLFW;
			sourceTree = "<group>";
		};
		815742B22435762200D8F876 /* Frameworks */ = {
			isa = PBXGroup;
			children = (
				3E17301524388DAA00D28290 /* Cocoa.framework */,
				3E17301324388D9E00D28290 /* CoreVideo.framework */,
				3E17301124388D9300D28290 /* IOKit.framework */,
				815742D6243592EE00D8F876 /* GLUT.framework */,
				815742B32435762200D8F876 /* OpenGL.framework */,
			);
			name = Frameworks;
			sourceTree = "<group>";
		};
		815742B7243576BF00D8F876 /* GLFW */ = {
			isa = PBXGroup;
			children = (
				815742B8243576BF00D8F876 /* include */,
				815742BC243576BF00D8F876 /* lib-macos */,
			);
			path = GLFW;
			sourceTree = "<group>";
		};
		815742B8243576BF00D8F876 /* include */ = {
			isa = PBXGroup;
			children = (
				815742B9243576BF00D8F876 /* GLFW */,
			);
			path = include;
			sourceTree = "<group>";
		};
		815742B9243576BF00D8F876 /* GLFW */ = {
			isa = PBXGroup;
			children = (
				815742BA243576BF00D8F876 /* glfw3.h */,
				815742BB243576BF00D8F876 /* glfw3native.h */,
			);
			path = GLFW;
			sourceTree = "<group>";
		};
		815742BC243576BF00D8F876 /* lib-macos */ = {
			isa = PBXGroup;
			children = (
				815742D424357A6C00D8F876 /* libglfw.3.dylib */,
			);
			path = "lib-macos";
			sourceTree = "<group>";
		};
/* End PBXGroup section */

/* Begin PBXNativeTarget section */
		8157429A243575C800D8F876 /* OpenGLGLFW */ = {
			isa = PBXNativeTarget;
			buildConfigurationList = 815742AF243575CA00D8F876 /* Build configuration list for PBXNativeTarget "OpenGLGLFW" */;
			buildPhases = (
				81574297243575C800D8F876 /* Sources */,
				81574298243575C800D8F876 /* Frameworks */,
				81574299243575C800D8F876 /* Resources */,
			);
			buildRules = (
			);
			dependencies = (
			);
			name = OpenGLGLFW;
			productName = OpenGLGLFW;
			productReference = 8157429B243575C800D8F876 /* OpenGLGLFW.app */;
			productType = "com.apple.product-type.application";
		};
/* End PBXNativeTarget section */

/* Begin PBXProject section */
		81574293243575C800D8F876 /* Project object */ = {
			isa = PBXProject;
			attributes = {
				LastUpgradeCheck = 1110;
				ORGANIZATIONNAME = hq_kven;
				TargetAttributes = {
					8157429A243575C800D8F876 = {
						CreatedOnToolsVersion = 11.1;
					};
				};
			};
			buildConfigurationList = 81574296243575C800D8F876 /* Build configuration list for PBXProject "OpenGLGLFW" */;
			compatibilityVersion = "Xcode 9.3";
			developmentRegion = en;
			hasScannedForEncodings = 0;
			knownRegions = (
				en,
				Base,
			);
			mainGroup = 81574292243575C800D8F876;
			productRefGroup = 8157429C243575C800D8F876 /* Products */;
			projectDirPath = "";
			projectRoot = "";
			targets = (
				8157429A243575C800D8F876 /* OpenGLGLFW */,
			);
		};
/* End PBXProject section */

/* Begin PBXResourcesBuildPhase section */
		81574299243575C800D8F876 /* Resources */ = {
			isa = PBXResourcesBuildPhase;
			buildActionMask = 2147483647;
			files = (
				3E4FA82D243B37D200CBF636 /* shader.frag in Resources */,
				815742A5243575CA00D8F876 /* Assets.xcassets in Resources */,
				3E4FA82B243B37D200CBF636 /* shader.vs in Resources */,
				3E172FE424388C3800D28290 /* wall.jpg in Resources */,
				3E326201243A426F00AF1842 /* awesomeface.jpg in Resources */,
				815742A8243575CA00D8F876 /* Main.storyboard in Resources */,
			);
			runOnlyForDeploymentPostprocessing = 0;
		};
/* End PBXResourcesBuildPhase section */

/* Begin PBXSourcesBuildPhase section */
		81574297243575C800D8F876 /* Sources */ = {
			isa = PBXSourcesBuildPhase;
			buildActionMask = 2147483647;
			files = (
				815742B62435763000D8F876 /* main.cpp in Sources */,
				3E17304E243893C900D28290 /* stb_image_aug.c in Sources */,
				3E17304D243893C900D28290 /* SOIL.c in Sources */,
				3E4FA82C243B37D200CBF636 /* Shader.cpp in Sources */,
				3E173049243893C900D28290 /* image_helper.c in Sources */,
				3E17304A243893C900D28290 /* image_DXT.c in Sources */,
			);
			runOnlyForDeploymentPostprocessing = 0;
		};
/* End PBXSourcesBuildPhase section */

/* Begin PBXVariantGroup section */
		815742A6243575CA00D8F876 /* Main.storyboard */ = {
			isa = PBXVariantGroup;
			children = (
				815742A7243575CA00D8F876 /* Base */,
			);
			name = Main.storyboard;
			sourceTree = "<group>";
		};
/* End PBXVariantGroup section */

/* Begin XCBuildConfiguration section */
		815742AD243575CA00D8F876 /* Debug */ = {
			isa = XCBuildConfiguration;
			buildSettings = {
				ALWAYS_SEARCH_USER_PATHS = NO;
				CLANG_ANALYZER_NONNULL = YES;
				CLANG_ANALYZER_NUMBER_OBJECT_CONVERSION = YES_AGGRESSIVE;
				CLANG_CXX_LANGUAGE_STANDARD = "gnu++14";
				CLANG_CXX_LIBRARY = "libc++";
				CLANG_ENABLE_MODULES = YES;
				CLANG_ENABLE_OBJC_ARC = YES;
				CLANG_ENABLE_OBJC_WEAK = YES;
				CLANG_WARN_BLOCK_CAPTURE_AUTORELEASING = YES;
				CLANG_WARN_BOOL_CONVERSION = YES;
				CLANG_WARN_COMMA = YES;
				CLANG_WARN_CONSTANT_CONVERSION = YES;
				CLANG_WARN_DEPRECATED_OBJC_IMPLEMENTATIONS = YES;
				CLANG_WARN_DIRECT_OBJC_ISA_USAGE = YES_ERROR;
				CLANG_WARN_DOCUMENTATION_COMMENTS = YES;
				CLANG_WARN_EMPTY_BODY = YES;
				CLANG_WARN_ENUM_CONVERSION = YES;
				CLANG_WARN_INFINITE_RECURSION = YES;
				CLANG_WARN_INT_CONVERSION = YES;
				CLANG_WARN_NON_LITERAL_NULL_CONVERSION = YES;
				CLANG_WARN_OBJC_IMPLICIT_RETAIN_SELF = YES;
				CLANG_WARN_OBJC_LITERAL_CONVERSION = YES;
				CLANG_WARN_OBJC_ROOT_CLASS = YES_ERROR;
				CLANG_WARN_RANGE_LOOP_ANALYSIS = YES;
				CLANG_WARN_STRICT_PROTOTYPES = YES;
				CLANG_WARN_SUSPICIOUS_MOVE = YES;
				CLANG_WARN_UNGUARDED_AVAILABILITY = YES_AGGRESSIVE;
				CLANG_WARN_UNREACHABLE_CODE = YES;
				CLANG_WARN__DUPLICATE_METHOD_MATCH = YES;
				COPY_PHASE_STRIP = NO;
				DEBUG_INFORMATION_FORMAT = dwarf;
				ENABLE_STRICT_OBJC_MSGSEND = YES;
				ENABLE_TESTABILITY = YES;
				GCC_C_LANGUAGE_STANDARD = gnu11;
				GCC_DYNAMIC_NO_PIC = NO;
				GCC_NO_COMMON_BLOCKS = YES;
				GCC_OPTIMIZATION_LEVEL = 0;
				GCC_PREPROCESSOR_DEFINITIONS = (
					"DEBUG=1",
					"$(inherited)",
				);
				GCC_WARN_64_TO_32_BIT_CONVERSION = YES;
				GCC_WARN_ABOUT_RETURN_TYPE = YES_ERROR;
				GCC_WARN_UNDECLARED_SELECTOR = YES;
				GCC_WARN_UNINITIALIZED_AUTOS = YES_AGGRESSIVE;
				GCC_WARN_UNUSED_FUNCTION = YES;
				GCC_WARN_UNUSED_VARIABLE = YES;
				MACOSX_DEPLOYMENT_TARGET = 10.14;
				MTL_ENABLE_DEBUG_INFO = INCLUDE_SOURCE;
				MTL_FAST_MATH = YES;
				ONLY_ACTIVE_ARCH = YES;
				SDKROOT = macosx;
			};
			name = Debug;
		};
		815742AE243575CA00D8F876 /* Release */ = {
			isa = XCBuildConfiguration;
			buildSettings = {
				ALWAYS_SEARCH_USER_PATHS = NO;
				CLANG_ANALYZER_NONNULL = YES;
				CLANG_ANALYZER_NUMBER_OBJECT_CONVERSION = YES_AGGRESSIVE;
				CLANG_CXX_LANGUAGE_STANDARD = "gnu++14";
				CLANG_CXX_LIBRARY = "libc++";
				CLANG_ENABLE_MODULES = YES;
				CLANG_ENABLE_OBJC_ARC = YES;
				CLANG_ENABLE_OBJC_WEAK = YES;
				CLANG_WARN_BLOCK_CAPTURE_AUTORELEASING = YES;
				CLANG_WARN_BOOL_CONVERSION = YES;
				CLANG_WARN_COMMA = YES;
				CLANG_WARN_CONSTANT_CONVERSION = YES;
				CLANG_WARN_DEPRECATED_OBJC_IMPLEMENTATIONS = YES;
				CLANG_WARN_DIRECT_OBJC_ISA_USAGE = YES_ERROR;
				CLANG_WARN_DOCUMENTATION_COMMENTS = YES;
				CLANG_WARN_EMPTY_BODY = YES;
				CLANG_WARN_ENUM_CONVERSION = YES;
				CLANG_WARN_INFINITE_RECURSION = YES;
				CLANG_WARN_INT_CONVERSION = YES;
				CLANG_WARN_NON_LITERAL_NULL_CONVERSION = YES;
				CLANG_WARN_OBJC_IMPLICIT_RETAIN_SELF = YES;
				CLANG_WARN_OBJC_LITERAL_CONVERSION = YES;
				CLANG_WARN_OBJC_ROOT_CLASS = YES_ERROR;
				CLANG_WARN_RANGE_LOOP_ANALYSIS = YES;
				CLANG_WARN_STRICT_PROTOTYPES = YES;
				CLANG_WARN_SUSPICIOUS_MOVE = YES;
				CLANG_WARN_UNGUARDED_AVAILABILITY = YES_AGGRESSIVE;
				CLANG_WARN_UNREACHABLE_CODE = YES;
				CLANG_WARN__DUPLICATE_METHOD_MATCH = YES;
				COPY_PHASE_STRIP = NO;
				DEBUG_INFORMATION_FORMAT = "dwarf-with-dsym";
				ENABLE_NS_ASSERTIONS = NO;
				ENABLE_STRICT_OBJC_MSGSEND = YES;
				GCC_C_LANGUAGE_STANDARD = gnu11;
				GCC_NO_COMMON_BLOCKS = YES;
				GCC_WARN_64_TO_32_BIT_CONVERSION = YES;
				GCC_WARN_ABOUT_RETURN_TYPE = YES_ERROR;
				GCC_WARN_UNDECLARED_SELECTOR = YES;
				GCC_WARN_UNINITIALIZED_AUTOS = YES_AGGRESSIVE;
				GCC_WARN_UNUSED_FUNCTION = YES;
				GCC_WARN_UNUSED_VARIABLE = YES;
				MACOSX_DEPLOYMENT_TARGET = 10.14;
				MTL_ENABLE_DEBUG_INFO = NO;
				MTL_FAST_MATH = YES;
				SDKROOT = macosx;
			};
			name = Release;
		};
		815742B0243575CA00D8F876 /* Debug */ = {
			isa = XCBuildConfiguration;
			buildSettings = {
				ASSETCATALOG_COMPILER_APPICON_NAME = AppIcon;
				CODE_SIGN_ENTITLEMENTS = OpenGLGLFW/OpenGLGLFW.entitlements;
				CODE_SIGN_STYLE = Automatic;
				COMBINE_HIDPI_IMAGES = YES;
				DEVELOPMENT_TEAM = LP968L9773;
				ENABLE_HARDENED_RUNTIME = NO;
				INFOPLIST_FILE = OpenGLGLFW/Info.plist;
				LD_RUNPATH_SEARCH_PATHS = (
					"$(inherited)",
					"@executable_path/../Frameworks",
				);
				LIBRARY_SEARCH_PATHS = (
					"$(inherited)",
					"\"$(SRCROOT)/OpenGLGLFW/OpenGL/\"",
					"\"$(SRCROOT)/OpenGLGLFW/GLFW/lib-macos/\"",
					"$(PROJECT_DIR)/OpenGLGLFW/SOIL",
					"$(PROJECT_DIR)/OpenGLGLFW/GLEW",
				);
				OTHER_LDFLAGS = "";
				PRODUCT_BUNDLE_IDENTIFIER = "hq-kven.OpenGLGLFW";
				PRODUCT_NAME = "$(TARGET_NAME)";
			};
			name = Debug;
		};
		815742B1243575CA00D8F876 /* Release */ = {
			isa = XCBuildConfiguration;
			buildSettings = {
				ASSETCATALOG_COMPILER_APPICON_NAME = AppIcon;
				CODE_SIGN_ENTITLEMENTS = OpenGLGLFW/OpenGLGLFW.entitlements;
				CODE_SIGN_STYLE = Automatic;
				COMBINE_HIDPI_IMAGES = YES;
				DEVELOPMENT_TEAM = LP968L9773;
				ENABLE_HARDENED_RUNTIME = NO;
				INFOPLIST_FILE = OpenGLGLFW/Info.plist;
				LD_RUNPATH_SEARCH_PATHS = (
					"$(inherited)",
					"@executable_path/../Frameworks",
				);
				LIBRARY_SEARCH_PATHS = (
					"$(inherited)",
					"\"$(SRCROOT)/OpenGLGLFW/OpenGL/\"",
					"\"$(SRCROOT)/OpenGLGLFW/GLFW/lib-macos/\"",
					"$(PROJECT_DIR)/OpenGLGLFW/SOIL",
					"$(PROJECT_DIR)/OpenGLGLFW/GLEW",
				);
				OTHER_LDFLAGS = "";
				PRODUCT_BUNDLE_IDENTIFIER = "hq-kven.OpenGLGLFW";
				PRODUCT_NAME = "$(TARGET_NAME)";
			};
			name = Release;
		};
/* End XCBuildConfiguration section */

/* Begin XCConfigurationList section */
		81574296243575C800D8F876 /* Build configuration list for PBXProject "OpenGLGLFW" */ = {
			isa = XCConfigurationList;
			buildConfigurations = (
				815742AD243575CA00D8F876 /* Debug */,
				815742AE243575CA00D8F876 /* Release */,
			);
			defaultConfigurationIsVisible = 0;
			defaultConfigurationName = Release;
		};
		815742AF243575CA00D8F876 /* Build configuration list for PBXNativeTarget "OpenGLGLFW" */ = {
			isa = XCConfigurationList;
			buildConfigurations = (
				815742B0243575CA00D8F876 /* Debug */,
				815742B1243575CA00D8F876 /* Release */,
			);
			defaultConfigurationIsVisible = 0;
			defaultConfigurationName = Release;
		};
/* End XCConfigurationList section */
	};
	rootObject = 81574293243575C800D8F876 /* Project object */;
}
